
Microsoft Visual Studio Solution File, Format Version 12.00
# Visual Studio Version 17
VisualStudioVersion = 17.9.34607.119
MinimumVisualStudioVersion = 10.0.40219.1
Project("{FAE04EC0-301F-11D3-BF4B-00C04F79EFBC}") = "EFC6.Loropio-FitnessApp", "EFC6.Loropio-FitnessApp.csproj", "{FADB69C1-7471-4634-ACBD-8F3300329A3B}"
EndProject
Global
	GlobalSection(SolutionConfigurationPlatforms) = preSolution
		Debug|Any CPU = Debug|Any CPU
		Release|Any CPU = Release|Any CPU
	EndGlobalSection
	GlobalSection(ProjectConfigurationPlatforms) = postSolution
		{FADB69C1-7471-4634-ACBD-8F3300329A3B}.Debug|Any CPU.ActiveCfg = Debug|Any CPU
		{FADB69C1-7471-4634-ACBD-8F3300329A3B}.Debug|Any CPU.Build.0 = Debug|Any CPU
		{FADB69C1-7471-4634-ACBD-8F3300329A3B}.Release|Any CPU.ActiveCfg = Release|Any CPU
		{FADB69C1-7471-4634-ACBD-8F3300329A3B}.Release|Any CPU.Build.0 = Release|Any CPU
	EndGlobalSection
	GlobalSection(SolutionProperties) = preSolution
		HideSolutionNode = FALSE
	EndGlobalSection
	GlobalSection(ExtensibilityGlobals) = postSolution
		SolutionGuid = {6DCE8D71-888E-4B4A-9222-ADABAFBB6BDE}
	EndGlobalSection
EndGlobal
